
Microsoft Visual Studio Solution File, Format Version 12.00
# Visual Studio Version 17
VisualStudioVersion = 17.6.33815.320
MinimumVisualStudioVersion = 10.0.40219.1
Project("{9A19103F-16F7-4668-BE54-9A1E7A4F7556}") = "DataAccess", "DataAccess\DataAccess.csproj", "{7E0819C8-40C4-47B3-AF16-02A81AA8E07F}"
EndProject
Project("{9A19103F-16F7-4668-BE54-9A1E7A4F7556}") = "Core", "Core\Core.csproj", "{47E7B6EE-4633-4A41-99F1-41F615A53A58}"
EndProject
Project("{9A19103F-16F7-4668-BE54-9A1E7A4F7556}") = "IotCoreDemo", "API\IotCoreDemo.csproj", "{D5D83A49-31D3-45E9-9A89-16E8680DC948}"
EndProject
Global
	GlobalSection(SolutionConfigurationPlatforms) = preSolution
		Debug|Any CPU = Debug|Any CPU
		Release|Any CPU = Release|Any CPU
	EndGlobalSection
	GlobalSection(ProjectConfigurationPlatforms) = postSolution
		{7E0819C8-40C4-47B3-AF16-02A81AA8E07F}.Debug|Any CPU.ActiveCfg = Debug|Any CPU
		{7E0819C8-40C4-47B3-AF16-02A81AA8E07F}.Debug|Any CPU.Build.0 = Debug|Any CPU
		{7E0819C8-40C4-47B3-AF16-02A81AA8E07F}.Release|Any CPU.ActiveCfg = Release|Any CPU
		{7E0819C8-40C4-47B3-AF16-02A81AA8E07F}.Release|Any CPU.Build.0 = Release|Any CPU
		{47E7B6EE-4633-4A41-99F1-41F615A53A58}.Debug|Any CPU.ActiveCfg = Debug|Any CPU
		{47E7B6EE-4633-4A41-99F1-41F615A53A58}.Debug|Any CPU.Build.0 = Debug|Any CPU
		{47E7B6EE-4633-4A41-99F1-41F615A53A58}.Release|Any CPU.ActiveCfg = Release|Any CPU
		{47E7B6EE-4633-4A41-99F1-41F615A53A58}.Release|Any CPU.Build.0 = Release|Any CPU
		{D5D83A49-31D3-45E9-9A89-16E8680DC948}.Debug|Any CPU.ActiveCfg = Debug|Any CPU
		{D5D83A49-31D3-45E9-9A89-16E8680DC948}.Debug|Any CPU.Build.0 = Debug|Any CPU
		{D5D83A49-31D3-45E9-9A89-16E8680DC948}.Release|Any CPU.ActiveCfg = Release|Any CPU
		{D5D83A49-31D3-45E9-9A89-16E8680DC948}.Release|Any CPU.Build.0 = Release|Any CPU
	EndGlobalSection
	GlobalSection(SolutionProperties) = preSolution
		HideSolutionNode = FALSE
	EndGlobalSection
	GlobalSection(ExtensibilityGlobals) = postSolution
		SolutionGuid = {B063D957-083A-4879-A73D-F7F2A6AC0FA0}
	EndGlobalSection
EndGlobal
